// !$*UTF8*$!
{
	archiveVersion = 1;
	classes = {
	};
	objectVersion = 46;
	objects = {

/* Begin PBXBuildFile section */
		7DD8404C17D1492600E3BF5D /* UIKit.framework in Frameworks */ = {isa = PBXBuildFile; fileRef = 7DD8404B17D1492600E3BF5D /* UIKit.framework */; };
		7DD8404E17D1492600E3BF5D /* Foundation.framework in Frameworks */ = {isa = PBXBuildFile; fileRef = 7DD8404D17D1492600E3BF5D /* Foundation.framework */; };
		7DD8405017D1492600E3BF5D /* CoreGraphics.framework in Frameworks */ = {isa = PBXBuildFile; fileRef = 7DD8404F17D1492600E3BF5D /* CoreGraphics.framework */; };
		7DD8405617D1492600E3BF5D /* InfoPlist.strings in Resources */ = {isa = PBXBuildFile; fileRef = 7DD8405417D1492600E3BF5D /* InfoPlist.strings */; };
		7DD8405817D1492600E3BF5D /* main.m in Sources */ = {isa = PBXBuildFile; fileRef = 7DD8405717D1492600E3BF5D /* main.m */; };
		7DD8405C17D1492600E3BF5D /* AppDelegate.m in Sources */ = {isa = PBXBuildFile; fileRef = 7DD8405B17D1492600E3BF5D /* AppDelegate.m */; };
		7DD8405E17D1492600E3BF5D /* Default.png in Resources */ = {isa = PBXBuildFile; fileRef = 7DD8405D17D1492600E3BF5D /* Default.png */; };
		7DD8406017D1492600E3BF5D /* Default@2x.png in Resources */ = {isa = PBXBuildFile; fileRef = 7DD8405F17D1492600E3BF5D /* Default@2x.png */; };
		7DD8406217D1492600E3BF5D /* Default-568h@2x.png in Resources */ = {isa = PBXBuildFile; fileRef = 7DD8406117D1492600E3BF5D /* Default-568h@2x.png */; };
		7DD8406517D1492600E3BF5D /* MainStoryboard.storyboard in Resources */ = {isa = PBXBuildFile; fileRef = 7DD8406317D1492600E3BF5D /* MainStoryboard.storyboard */; };
		7DD8406817D1492600E3BF5D /* ViewController.m in Sources */ = {isa = PBXBuildFile; fileRef = 7DD8406717D1492600E3BF5D /* ViewController.m */; };
		7DD8407017D1499E00E3BF5D /* VKAlertView.m in Sources */ = {isa = PBXBuildFile; fileRef = 7DD8406F17D1499E00E3BF5D /* VKAlertView.m */; };
/* End PBXBuildFile section */

/* Begin PBXFileReference section */
		7DD8404817D1492600E3BF5D /* VKAlertView.app */ = {isa = PBXFileReference; explicitFileType = wrapper.application; includeInIndex = 0; path = VKAlertView.app; sourceTree = BUILT_PRODUCTS_DIR; };
		7DD8404B17D1492600E3BF5D /* UIKit.framework */ = {isa = PBXFileReference; lastKnownFileType = wrapper.framework; name = UIKit.framework; path = System/Library/Frameworks/UIKit.framework; sourceTree = SDKROOT; };
		7DD8404D17D1492600E3BF5D /* Foundation.framework */ = {isa = PBXFileReference; lastKnownFileType = wrapper.framework; name = Foundation.framework; path = System/Library/Frameworks/Foundation.framework; sourceTree = SDKROOT; };
		7DD8404F17D1492600E3BF5D /* CoreGraphics.framework */ = {isa = PBXFileReference; lastKnownFileType = wrapper.framework; name = CoreGraphics.framework; path = System/Library/Frameworks/CoreGraphics.framework; sourceTree = SDKROOT; };
		7DD8405317D1492600E3BF5D /* VKAlertView-Info.plist */ = {isa = PBXFileReference; lastKnownFileType = text.plist.xml; path = "VKAlertView-Info.plist"; sourceTree = "<group>"; };
		7DD8405517D1492600E3BF5D /* en */ = {isa = PBXFileReference; lastKnownFileType = text.plist.strings; name = en; path = en.lproj/InfoPlist.strings; sourceTree = "<group>"; };
		7DD8405717D1492600E3BF5D /* main.m */ = {isa = PBXFileReference; lastKnownFileType = sourcecode.c.objc; path = main.m; sourceTree = "<group>"; };
		7DD8405917D1492600E3BF5D /* VKAlertView-Prefix.pch */ = {isa = PBXFileReference; lastKnownFileType = sourcecode.c.h; path = "VKAlertView-Prefix.pch"; sourceTree = "<group>"; };
		7DD8405A17D1492600E3BF5D /* AppDelegate.h */ = {isa = PBXFileReference; lastKnownFileType = sourcecode.c.h; path = AppDelegate.h; sourceTree = "<group>"; };
		7DD8405B17D1492600E3BF5D /* AppDelegate.m */ = {isa = PBXFileReference; lastKnownFileType = sourcecode.c.objc; path = AppDelegate.m; sourceTree = "<group>"; };
		7DD8405D17D1492600E3BF5D /* Default.png */ = {isa = PBXFileReference; lastKnownFileType = image.png; path = Default.png; sourceTree = "<group>"; };
		7DD8405F17D1492600E3BF5D /* Default@2x.png */ = {isa = PBXFileReference; lastKnownFileType = image.png; path = "Default@2x.png"; sourceTree = "<group>"; };
		7DD8406117D1492600E3BF5D /* Default-568h@2x.png */ = {isa = PBXFileReference; lastKnownFileType = image.png; path = "Default-568h@2x.png"; sourceTree = "<group>"; };
		7DD8406417D1492600E3BF5D /* en */ = {isa = PBXFileReference; lastKnownFileType = file.storyboard; name = en; path = en.lproj/MainStoryboard.storyboard; sourceTree = "<group>"; };
		7DD8406617D1492600E3BF5D /* ViewController.h */ = {isa = PBXFileReference; lastKnownFileType = sourcecode.c.h; path = ViewController.h; sourceTree = "<group>"; };
		7DD8406717D1492600E3BF5D /* ViewController.m */ = {isa = PBXFileReference; lastKnownFileType = sourcecode.c.objc; path = ViewController.m; sourceTree = "<group>"; };
		7DD8406E17D1499E00E3BF5D /* VKAlertView.h */ = {isa = PBXFileReference; fileEncoding = 4; lastKnownFileType = sourcecode.c.h; path = VKAlertView.h; sourceTree = "<group>"; };
		7DD8406F17D1499E00E3BF5D /* VKAlertView.m */ = {isa = PBXFileReference; fileEncoding = 4; lastKnownFileType = sourcecode.c.objc; path = VKAlertView.m; sourceTree = "<group>"; };
/* End PBXFileReference section */

/* Begin PBXFrameworksBuildPhase section */
		7DD8404517D1492600E3BF5D /* Frameworks */ = {
			isa = PBXFrameworksBuildPhase;
			buildActionMask = 2147483647;
			files = (
				7DD8404C17D1492600E3BF5D /* UIKit.framework in Frameworks */,
				7DD8404E17D1492600E3BF5D /* Foundation.framework in Frameworks */,
				7DD8405017D1492600E3BF5D /* CoreGraphics.framework in Frameworks */,
			);
			runOnlyForDeploymentPostprocessing = 0;
		};
/* End PBXFrameworksBuildPhase section */

/* Begin PBXGroup section */
		7DD8403F17D1492600E3BF5D = {
			isa = PBXGroup;
			children = (
				7DD8405117D1492600E3BF5D /* VKAlertView */,
				7DD8404A17D1492600E3BF5D /* Frameworks */,
				7DD8404917D1492600E3BF5D /* Products */,
			);
			sourceTree = "<group>";
		};
		7DD8404917D1492600E3BF5D /* Products */ = {
			isa = PBXGroup;
			children = (
				7DD8404817D1492600E3BF5D /* VKAlertView.app */,
			);
			name = Products;
			sourceTree = "<group>";
		};
		7DD8404A17D1492600E3BF5D /* Frameworks */ = {
			isa = PBXGroup;
			children = (
				7DD8404B17D1492600E3BF5D /* UIKit.framework */,
				7DD8404D17D1492600E3BF5D /* Foundation.framework */,
				7DD8404F17D1492600E3BF5D /* CoreGraphics.framework */,
			);
			name = Frameworks;
			sourceTree = "<group>";
		};
		7DD8405117D1492600E3BF5D /* VKAlertView */ = {
			isa = PBXGroup;
			children = (
				7DD8405A17D1492600E3BF5D /* AppDelegate.h */,
				7DD8405B17D1492600E3BF5D /* AppDelegate.m */,
				7DD8406317D1492600E3BF5D /* MainStoryboard.storyboard */,
				7DD8406617D1492600E3BF5D /* ViewController.h */,
				7DD8406717D1492600E3BF5D /* ViewController.m */,
				7DD8405217D1492600E3BF5D /* Supporting Files */,
				7DD8406E17D1499E00E3BF5D /* VKAlertView.h */,
				7DD8406F17D1499E00E3BF5D /* VKAlertView.m */,
			);
			path = VKAlertView;
			sourceTree = "<group>";
		};
		7DD8405217D1492600E3BF5D /* Supporting Files */ = {
			isa = PBXGroup;
			children = (
				7DD8405317D1492600E3BF5D /* VKAlertView-Info.plist */,
				7DD8405417D1492600E3BF5D /* InfoPlist.strings */,
				7DD8405717D1492600E3BF5D /* main.m */,
				7DD8405917D1492600E3BF5D /* VKAlertView-Prefix.pch */,
				7DD8405D17D1492600E3BF5D /* Default.png */,
				7DD8405F17D1492600E3BF5D /* Default@2x.png */,
				7DD8406117D1492600E3BF5D /* Default-568h@2x.png */,
			);
			name = "Supporting Files";
			sourceTree = "<group>";
		};
/* End PBXGroup section */

/* Begin PBXNativeTarget section */
		7DD8404717D1492600E3BF5D /* VKAlertView */ = {
			isa = PBXNativeTarget;
			buildConfigurationList = 7DD8406B17D1492600E3BF5D /* Build configuration list for PBXNativeTarget "VKAlertView" */;
			buildPhases = (
				7DD8404417D1492600E3BF5D /* Sources */,
				7DD8404517D1492600E3BF5D /* Frameworks */,
				7DD8404617D1492600E3BF5D /* Resources */,
			);
			buildRules = (
			);
			dependencies = (
			);
			name = VKAlertView;
			productName = VKAlertView;
			productReference = 7DD8404817D1492600E3BF5D /* VKAlertView.app */;
			productType = "com.apple.product-type.application";
		};
/* End PBXNativeTarget section */

/* Begin PBXProject section */
		7DD8404017D1492600E3BF5D /* Project object */ = {
			isa = PBXProject;
			attributes = {
				LastUpgradeCheck = 0460;
				ORGANIZATIONNAME = "Vladimir Kolbas";
			};
			buildConfigurationList = 7DD8404317D1492600E3BF5D /* Build configuration list for PBXProject "VKAlertView" */;
			compatibilityVersion = "Xcode 3.2";
			developmentRegion = English;
			hasScannedForEncodings = 0;
			knownRegions = (
				en,
			);
			mainGroup = 7DD8403F17D1492600E3BF5D;
			productRefGroup = 7DD8404917D1492600E3BF5D /* Products */;
			projectDirPath = "";
			projectRoot = "";
			targets = (
				7DD8404717D1492600E3BF5D /* VKAlertView */,
			);
		};
/* End PBXProject section */

/* Begin PBXResourcesBuildPhase section */
		7DD8404617D1492600E3BF5D /* Resources */ = {
			isa = PBXResourcesBuildPhase;
			buildActionMask = 2147483647;
			files = (
				7DD8405617D1492600E3BF5D /* InfoPlist.strings in Resources */,
				7DD8405E17D1492600E3BF5D /* Default.png in Resources */,
				7DD8406017D1492600E3BF5D /* Default@2x.png in Resources */,
				7DD8406217D1492600E3BF5D /* Default-568h@2x.png in Resources */,
				7DD8406517D1492600E3BF5D /* MainStoryboard.storyboard in Resources */,
			);
			runOnlyForDeploymentPostprocessing = 0;
		};
/* End PBXResourcesBuildPhase section */

/* Begin PBXSourcesBuildPhase section */
		7DD8404417D1492600E3BF5D /* Sources */ = {
			isa = PBXSourcesBuildPhase;
			buildActionMask = 2147483647;
			files = (
				7DD8405817D1492600E3BF5D /* main.m in Sources */,
				7DD8405C17D1492600E3BF5D /* AppDelegate.m in Sources */,
				7DD8406817D1492600E3BF5D /* ViewController.m in Sources */,
				7DD8407017D1499E00E3BF5D /* VKAlertView.m in Sources */,
			);
			runOnlyForDeploymentPostprocessing = 0;
		};
/* End PBXSourcesBuildPhase section */

/* Begin PBXVariantGroup section */
		7DD8405417D1492600E3BF5D /* InfoPlist.strings */ = {
			isa = PBXVariantGroup;
			children = (
				7DD8405517D1492600E3BF5D /* en */,
			);
			name = InfoPlist.strings;
			sourceTree = "<group>";
		};
		7DD8406317D1492600E3BF5D /* MainStoryboard.storyboard */ = {
			isa = PBXVariantGroup;
			children = (
				7DD8406417D1492600E3BF5D /* en */,
			);
			name = MainStoryboard.storyboard;
			sourceTree = "<group>";
		};
/* End PBXVariantGroup section */

/* Begin XCBuildConfiguration section */
		7DD8406917D1492600E3BF5D /* Debug */ = {
			isa = XCBuildConfiguration;
			buildSettings = {
				ALWAYS_SEARCH_USER_PATHS = NO;
				CLANG_CXX_LANGUAGE_STANDARD = "gnu++0x";
				CLANG_CXX_LIBRARY = "libc++";
				CLANG_ENABLE_OBJC_ARC = YES;
				CLANG_WARN_CONSTANT_CONVERSION = YES;
				CLANG_WARN_EMPTY_BODY = YES;
				CLANG_WARN_ENUM_CONVERSION = YES;
				CLANG_WARN_INT_CONVERSION = YES;
				CLANG_WARN__DUPLICATE_METHOD_MATCH = YES;
				"CODE_SIGN_IDENTITY[sdk=iphoneos*]" = "iPhone Developer";
				COPY_PHASE_STRIP = NO;
				GCC_C_LANGUAGE_STANDARD = gnu99;
				GCC_DYNAMIC_NO_PIC = NO;
				GCC_OPTIMIZATION_LEVEL = 0;
				GCC_PREPROCESSOR_DEFINITIONS = (
					"DEBUG=1",
					"$(inherited)",
				);
				GCC_SYMBOLS_PRIVATE_EXTERN = NO;
				GCC_WARN_ABOUT_RETURN_TYPE = YES;
				GCC_WARN_UNINITIALIZED_AUTOS = YES;
				GCC_WARN_UNUSED_VARIABLE = YES;
				IPHONEOS_DEPLOYMENT_TARGET = 6.1;
				ONLY_ACTIVE_ARCH = YES;
				SDKROOT = iphoneos;
			};
			name = Debug;
		};
		7DD8406A17D1492600E3BF5D /* Release */ = {
			isa = XCBuildConfiguration;
			buildSettings = {
				ALWAYS_SEARCH_USER_PATHS = NO;
				CLANG_CXX_LANGUAGE_STANDARD = "gnu++0x";
				CLANG_CXX_LIBRARY = "libc++";
				CLANG_ENABLE_OBJC_ARC = YES;
				CLANG_WARN_CONSTANT_CONVERSION = YES;
				CLANG_WARN_EMPTY_BODY = YES;
				CLANG_WARN_ENUM_CONVERSION = YES;
				CLANG_WARN_INT_CONVERSION = YES;
				CLANG_WARN__DUPLICATE_METHOD_MATCH = YES;
				"CODE_SIGN_IDENTITY[sdk=iphoneos*]" = "iPhone Developer";
				COPY_PHASE_STRIP = YES;
				GCC_C_LANGUAGE_STANDARD = gnu99;
				GCC_WARN_ABOUT_RETURN_TYPE = YES;
				GCC_WARN_UNINITIALIZED_AUTOS = YES;
				GCC_WARN_UNUSED_VARIABLE = YES;
				IPHONEOS_DEPLOYMENT_TARGET = 6.1;
				OTHER_CFLAGS = "-DNS_BLOCK_ASSERTIONS=1";
				SDKROOT = iphoneos;
				VALIDATE_PRODUCT = YES;
			};
			name = Release;
		};
		7DD8406C17D1492600E3BF5D /* Debug */ = {
			isa = XCBuildConfiguration;
			buildSettings = {
				GCC_PRECOMPILE_PREFIX_HEADER = YES;
				GCC_PREFIX_HEADER = "VKAlertView/VKAlertView-Prefix.pch";
				INFOPLIST_FILE = "VKAlertView/VKAlertView-Info.plist";
				PRODUCT_NAME = "$(TARGET_NAME)";
				WRAPPER_EXTENSION = app;
			};
			name = Debug;
		};
		7DD8406D17D1492600E3BF5D /* Release */ = {
			isa = XCBuildConfiguration;
			buildSettings = {
				GCC_PRECOMPILE_PREFIX_HEADER = YES;
				GCC_PREFIX_HEADER = "VKAlertView/VKAlertView-Prefix.pch";
				INFOPLIST_FILE = "VKAlertView/VKAlertView-Info.plist";
				PRODUCT_NAME = "$(TARGET_NAME)";
				WRAPPER_EXTENSION = app;
			};
			name = Release;
		};
/* End XCBuildConfiguration section */

/* Begin XCConfigurationList section */
		7DD8404317D1492600E3BF5D /* Build configuration list for PBXProject "VKAlertView" */ = {
			isa = XCConfigurationList;
			buildConfigurations = (
				7DD8406917D1492600E3BF5D /* Debug */,
				7DD8406A17D1492600E3BF5D /* Release */,
			);
			defaultConfigurationIsVisible = 0;
			defaultConfigurationName = Release;
		};
		7DD8406B17D1492600E3BF5D /* Build configuration list for PBXNativeTarget "VKAlertView" */ = {
			isa = XCConfigurationList;
			buildConfigurations = (
				7DD8406C17D1492600E3BF5D /* Debug */,
				7DD8406D17D1492600E3BF5D /* Release */,
			);
			defaultConfigurationIsVisible = 0;
		};
/* End XCConfigurationList section */
	};
	rootObject = 7DD8404017D1492600E3BF5D /* Project object */;
}
